
Microsoft Visual Studio Solution File, Format Version 12.00
# Visual Studio 15
VisualStudioVersion = 15.0.27703.2035
MinimumVisualStudioVersion = 10.0.40219.1
Project("{FAE04EC0-301F-11D3-BF4B-00C04F79EFBC}") = "Kalkulator", "Kalkulator\Kalkulator.csproj", "{8C393A39-6FB0-492D-A57F-3F7F22F4677B}"
EndProject
Global
	GlobalSection(SolutionConfigurationPlatforms) = preSolution
		Debug|Any CPU = Debug|Any CPU
		Release|Any CPU = Release|Any CPU
	EndGlobalSection
	GlobalSection(ProjectConfigurationPlatforms) = postSolution
		{8C393A39-6FB0-492D-A57F-3F7F22F4677B}.Debug|Any CPU.ActiveCfg = Debug|Any CPU
		{8C393A39-6FB0-492D-A57F-3F7F22F4677B}.Debug|Any CPU.Build.0 = Debug|Any CPU
		{8C393A39-6FB0-492D-A57F-3F7F22F4677B}.Release|Any CPU.ActiveCfg = Release|Any CPU
		{8C393A39-6FB0-492D-A57F-3F7F22F4677B}.Release|Any CPU.Build.0 = Release|Any CPU
	EndGlobalSection
	GlobalSection(SolutionProperties) = preSolution
		HideSolutionNode = FALSE
	EndGlobalSection
	GlobalSection(ExtensibilityGlobals) = postSolution
		SolutionGuid = {DD0A93CC-9B8C-4A37-9EC0-542E99A6E5F2}
	EndGlobalSection
EndGlobal
